
Microsoft Visual Studio Solution File, Format Version 12.00
# Visual Studio Version 17
VisualStudioVersion = 17.7.34031.279
MinimumVisualStudioVersion = 10.0.40219.1
Project("{9A19103F-16F7-4668-BE54-9A1E7A4F7556}") = "ASPNETCore_HomeTasks_10", "ASPNETCore_HomeTasks_10\ASPNETCore_HomeTasks_10.csproj", "{9EEC1839-4DD6-4A3F-A870-DA16510D5980}"
EndProject
Project("{9A19103F-16F7-4668-BE54-9A1E7A4F7556}") = "Task2", "Task2\Task2.csproj", "{27BDF3FC-432E-4D2D-B23B-1A1C5059BC54}"
EndProject
Project("{9A19103F-16F7-4668-BE54-9A1E7A4F7556}") = "Task3", "Task3\Task3.csproj", "{69726A0B-73F8-424C-A4CD-FF82CFE56398}"
EndProject
Project("{FAE04EC0-301F-11D3-BF4B-00C04F79EFBC}") = "Task4", "Task4\Task4.csproj", "{55C52030-B54C-44C6-9464-53E83AC2B26C}"
EndProject
Project("{FAE04EC0-301F-11D3-BF4B-00C04F79EFBC}") = "Task5", "Task5\Task5.csproj", "{0C326D77-E762-4FE6-9DCF-D512352AF175}"
EndProject
Global
	GlobalSection(SolutionConfigurationPlatforms) = preSolution
		Debug|Any CPU = Debug|Any CPU
		Release|Any CPU = Release|Any CPU
	EndGlobalSection
	GlobalSection(ProjectConfigurationPlatforms) = postSolution
		{9EEC1839-4DD6-4A3F-A870-DA16510D5980}.Debug|Any CPU.ActiveCfg = Debug|Any CPU
		{9EEC1839-4DD6-4A3F-A870-DA16510D5980}.Debug|Any CPU.Build.0 = Debug|Any CPU
		{9EEC1839-4DD6-4A3F-A870-DA16510D5980}.Release|Any CPU.ActiveCfg = Release|Any CPU
		{9EEC1839-4DD6-4A3F-A870-DA16510D5980}.Release|Any CPU.Build.0 = Release|Any CPU
		{27BDF3FC-432E-4D2D-B23B-1A1C5059BC54}.Debug|Any CPU.ActiveCfg = Debug|Any CPU
		{27BDF3FC-432E-4D2D-B23B-1A1C5059BC54}.Debug|Any CPU.Build.0 = Debug|Any CPU
		{27BDF3FC-432E-4D2D-B23B-1A1C5059BC54}.Release|Any CPU.ActiveCfg = Release|Any CPU
		{27BDF3FC-432E-4D2D-B23B-1A1C5059BC54}.Release|Any CPU.Build.0 = Release|Any CPU
		{69726A0B-73F8-424C-A4CD-FF82CFE56398}.Debug|Any CPU.ActiveCfg = Debug|Any CPU
		{69726A0B-73F8-424C-A4CD-FF82CFE56398}.Debug|Any CPU.Build.0 = Debug|Any CPU
		{69726A0B-73F8-424C-A4CD-FF82CFE56398}.Release|Any CPU.ActiveCfg = Release|Any CPU
		{69726A0B-73F8-424C-A4CD-FF82CFE56398}.Release|Any CPU.Build.0 = Release|Any CPU
		{55C52030-B54C-44C6-9464-53E83AC2B26C}.Debug|Any CPU.ActiveCfg = Debug|Any CPU
		{55C52030-B54C-44C6-9464-53E83AC2B26C}.Debug|Any CPU.Build.0 = Debug|Any CPU
		{55C52030-B54C-44C6-9464-53E83AC2B26C}.Release|Any CPU.ActiveCfg = Release|Any CPU
		{55C52030-B54C-44C6-9464-53E83AC2B26C}.Release|Any CPU.Build.0 = Release|Any CPU
		{0C326D77-E762-4FE6-9DCF-D512352AF175}.Debug|Any CPU.ActiveCfg = Debug|Any CPU
		{0C326D77-E762-4FE6-9DCF-D512352AF175}.Debug|Any CPU.Build.0 = Debug|Any CPU
		{0C326D77-E762-4FE6-9DCF-D512352AF175}.Release|Any CPU.ActiveCfg = Release|Any CPU
		{0C326D77-E762-4FE6-9DCF-D512352AF175}.Release|Any CPU.Build.0 = Release|Any CPU
	EndGlobalSection
	GlobalSection(SolutionProperties) = preSolution
		HideSolutionNode = FALSE
	EndGlobalSection
	GlobalSection(ExtensibilityGlobals) = postSolution
		SolutionGuid = {C4F29FED-45BF-42C8-8D11-005CF98DF7A4}
	EndGlobalSection
EndGlobal
